// !$*UTF8*$!
{
	archiveVersion = 1;
	classes = {
	};
	objectVersion = 46;
	objects = {

/* Begin PBXBuildFile section */
		8E4093161BF3A7B300D0B3BF /* AppDelegate.swift in Sources */ = {isa = PBXBuildFile; fileRef = 8E4093151BF3A7B300D0B3BF /* AppDelegate.swift */; };
		8E4093181BF3A7B300D0B3BF /* ViewController.swift in Sources */ = {isa = PBXBuildFile; fileRef = 8E4093171BF3A7B300D0B3BF /* ViewController.swift */; };
		8E40931D1BF3A7B300D0B3BF /* Assets.xcassets in Resources */ = {isa = PBXBuildFile; fileRef = 8E40931C1BF3A7B300D0B3BF /* Assets.xcassets */; };
		8E4093261BF3A7C900D0B3BF /* UIViewController+Utility.swift in Sources */ = {isa = PBXBuildFile; fileRef = 8E4093241BF3A7C900D0B3BF /* UIViewController+Utility.swift */; };
/* End PBXBuildFile section */

/* Begin PBXFileReference section */
		8E4093121BF3A7B300D0B3BF /* LinkOpen.app */ = {isa = PBXFileReference; explicitFileType = wrapper.application; includeInIndex = 0; path = LinkOpen.app; sourceTree = BUILT_PRODUCTS_DIR; };
		8E4093151BF3A7B300D0B3BF /* AppDelegate.swift */ = {isa = PBXFileReference; lastKnownFileType = sourcecode.swift; path = AppDelegate.swift; sourceTree = "<group>"; };
		8E4093171BF3A7B300D0B3BF /* ViewController.swift */ = {isa = PBXFileReference; lastKnownFileType = sourcecode.swift; path = ViewController.swift; sourceTree = "<group>"; };
		8E40931C1BF3A7B300D0B3BF /* Assets.xcassets */ = {isa = PBXFileReference; lastKnownFileType = folder.assetcatalog; path = Assets.xcassets; sourceTree = "<group>"; };
		8E40931E1BF3A7B300D0B3BF /* Info.plist */ = {isa = PBXFileReference; lastKnownFileType = text.plist.xml; path = Info.plist; sourceTree = "<group>"; };
		8E4093241BF3A7C900D0B3BF /* UIViewController+Utility.swift */ = {isa = PBXFileReference; fileEncoding = 4; lastKnownFileType = sourcecode.swift; name = "UIViewController+Utility.swift"; path = "../../../../../../Users/ericasadun/Desktop/Canon/UIKit/UIViewController+Utility.swift"; sourceTree = "<group>"; };
/* End PBXFileReference section */

/* Begin PBXFrameworksBuildPhase section */
		8E40930F1BF3A7B300D0B3BF /* Frameworks */ = {
			isa = PBXFrameworksBuildPhase;
			buildActionMask = 2147483647;
			files = (
			);
			runOnlyForDeploymentPostprocessing = 0;
		};
/* End PBXFrameworksBuildPhase section */

/* Begin PBXGroup section */
		8E4093091BF3A7B300D0B3BF = {
			isa = PBXGroup;
			children = (
				8E4093141BF3A7B300D0B3BF /* LinkOpen */,
				8E4093131BF3A7B300D0B3BF /* Products */,
			);
			sourceTree = "<group>";
		};
		8E4093131BF3A7B300D0B3BF /* Products */ = {
			isa = PBXGroup;
			children = (
				8E4093121BF3A7B300D0B3BF /* LinkOpen.app */,
			);
			name = Products;
			sourceTree = "<group>";
		};
		8E4093141BF3A7B300D0B3BF /* LinkOpen */ = {
			isa = PBXGroup;
			children = (
				8E4093151BF3A7B300D0B3BF /* AppDelegate.swift */,
				8E4093171BF3A7B300D0B3BF /* ViewController.swift */,
				8E4093241BF3A7C900D0B3BF /* UIViewController+Utility.swift */,
				8E40931C1BF3A7B300D0B3BF /* Assets.xcassets */,
				8E40931E1BF3A7B300D0B3BF /* Info.plist */,
			);
			path = LinkOpen;
			sourceTree = "<group>";
		};
/* End PBXGroup section */

/* Begin PBXNativeTarget section */
		8E4093111BF3A7B300D0B3BF /* LinkOpen */ = {
			isa = PBXNativeTarget;
			buildConfigurationList = 8E4093211BF3A7B300D0B3BF /* Build configuration list for PBXNativeTarget "LinkOpen" */;
			buildPhases = (
				8E40930E1BF3A7B300D0B3BF /* Sources */,
				8E40930F1BF3A7B300D0B3BF /* Frameworks */,
				8E4093101BF3A7B300D0B3BF /* Resources */,
			);
			buildRules = (
			);
			dependencies = (
			);
			name = LinkOpen;
			productName = LinkOpen;
			productReference = 8E4093121BF3A7B300D0B3BF /* LinkOpen.app */;
			productType = "com.apple.product-type.application";
		};
/* End PBXNativeTarget section */

/* Begin PBXProject section */
		8E40930A1BF3A7B300D0B3BF /* Project object */ = {
			isa = PBXProject;
			attributes = {
				LastSwiftUpdateCheck = 0710;
				LastUpgradeCheck = 0710;
				ORGANIZATIONNAME = "Erica Sadun";
				TargetAttributes = {
					8E4093111BF3A7B300D0B3BF = {
						CreatedOnToolsVersion = 7.1.1;
					};
				};
			};
			buildConfigurationList = 8E40930D1BF3A7B300D0B3BF /* Build configuration list for PBXProject "LinkOpen" */;
			compatibilityVersion = "Xcode 3.2";
			developmentRegion = English;
			hasScannedForEncodings = 0;
			knownRegions = (
				en,
				Base,
			);
			mainGroup = 8E4093091BF3A7B300D0B3BF;
			productRefGroup = 8E4093131BF3A7B300D0B3BF /* Products */;
			projectDirPath = "";
			projectRoot = "";
			targets = (
				8E4093111BF3A7B300D0B3BF /* LinkOpen */,
			);
		};
/* End PBXProject section */

/* Begin PBXResourcesBuildPhase section */
		8E4093101BF3A7B300D0B3BF /* Resources */ = {
			isa = PBXResourcesBuildPhase;
			buildActionMask = 2147483647;
			files = (
				8E40931D1BF3A7B300D0B3BF /* Assets.xcassets in Resources */,
			);
			runOnlyForDeploymentPostprocessing = 0;
		};
/* End PBXResourcesBuildPhase section */

/* Begin PBXSourcesBuildPhase section */
		8E40930E1BF3A7B300D0B3BF /* Sources */ = {
			isa = PBXSourcesBuildPhase;
			buildActionMask = 2147483647;
			files = (
				8E4093181BF3A7B300D0B3BF /* ViewController.swift in Sources */,
				8E4093161BF3A7B300D0B3BF /* AppDelegate.swift in Sources */,
				8E4093261BF3A7C900D0B3BF /* UIViewController+Utility.swift in Sources */,
			);
			runOnlyForDeploymentPostprocessing = 0;
		};
/* End PBXSourcesBuildPhase section */

/* Begin XCBuildConfiguration section */
		8E40931F1BF3A7B300D0B3BF /* Debug */ = {
			isa = XCBuildConfiguration;
			buildSettings = {
				ALWAYS_SEARCH_USER_PATHS = NO;
				CLANG_CXX_LANGUAGE_STANDARD = "gnu++0x";
				CLANG_CXX_LIBRARY = "libc++";
				CLANG_ENABLE_MODULES = YES;
				CLANG_ENABLE_OBJC_ARC = YES;
				CLANG_WARN_BOOL_CONVERSION = YES;
				CLANG_WARN_CONSTANT_CONVERSION = YES;
				CLANG_WARN_DIRECT_OBJC_ISA_USAGE = YES_ERROR;
				CLANG_WARN_EMPTY_BODY = YES;
				CLANG_WARN_ENUM_CONVERSION = YES;
				CLANG_WARN_INT_CONVERSION = YES;
				CLANG_WARN_OBJC_ROOT_CLASS = YES_ERROR;
				CLANG_WARN_UNREACHABLE_CODE = YES;
				CLANG_WARN__DUPLICATE_METHOD_MATCH = YES;
				COPY_PHASE_STRIP = NO;
				DEBUG_INFORMATION_FORMAT = dwarf;
				ENABLE_STRICT_OBJC_MSGSEND = YES;
				ENABLE_TESTABILITY = YES;
				GCC_C_LANGUAGE_STANDARD = gnu99;
				GCC_DYNAMIC_NO_PIC = NO;
				GCC_NO_COMMON_BLOCKS = YES;
				GCC_OPTIMIZATION_LEVEL = 0;
				GCC_PREPROCESSOR_DEFINITIONS = (
					"DEBUG=1",
					"$(inherited)",
				);
				GCC_WARN_64_TO_32_BIT_CONVERSION = YES;
				GCC_WARN_ABOUT_RETURN_TYPE = YES_ERROR;
				GCC_WARN_UNDECLARED_SELECTOR = YES;
				GCC_WARN_UNINITIALIZED_AUTOS = YES_AGGRESSIVE;
				GCC_WARN_UNUSED_FUNCTION = YES;
				GCC_WARN_UNUSED_VARIABLE = YES;
				MTL_ENABLE_DEBUG_INFO = YES;
				ONLY_ACTIVE_ARCH = YES;
				SDKROOT = appletvos;
				SWIFT_OPTIMIZATION_LEVEL = "-Onone";
				TARGETED_DEVICE_FAMILY = 3;
				TVOS_DEPLOYMENT_TARGET = 9.0;
			};
			name = Debug;
		};
		8E4093201BF3A7B300D0B3BF /* Release */ = {
			isa = XCBuildConfiguration;
			buildSettings = {
				ALWAYS_SEARCH_USER_PATHS = NO;
				CLANG_CXX_LANGUAGE_STANDARD = "gnu++0x";
				CLANG_CXX_LIBRARY = "libc++";
				CLANG_ENABLE_MODULES = YES;
				CLANG_ENABLE_OBJC_ARC = YES;
				CLANG_WARN_BOOL_CONVERSION = YES;
				CLANG_WARN_CONSTANT_CONVERSION = YES;
				CLANG_WARN_DIRECT_OBJC_ISA_USAGE = YES_ERROR;
				CLANG_WARN_EMPTY_BODY = YES;
				CLANG_WARN_ENUM_CONVERSION = YES;
				CLANG_WARN_INT_CONVERSION = YES;
				CLANG_WARN_OBJC_ROOT_CLASS = YES_ERROR;
				CLANG_WARN_UNREACHABLE_CODE = YES;
				CLANG_WARN__DUPLICATE_METHOD_MATCH = YES;
				COPY_PHASE_STRIP = NO;
				DEBUG_INFORMATION_FORMAT = "dwarf-with-dsym";
				ENABLE_NS_ASSERTIONS = NO;
				ENABLE_STRICT_OBJC_MSGSEND = YES;
				GCC_C_LANGUAGE_STANDARD = gnu99;
				GCC_NO_COMMON_BLOCKS = YES;
				GCC_WARN_64_TO_32_BIT_CONVERSION = YES;
				GCC_WARN_ABOUT_RETURN_TYPE = YES_ERROR;
				GCC_WARN_UNDECLARED_SELECTOR = YES;
				GCC_WARN_UNINITIALIZED_AUTOS = YES_AGGRESSIVE;
				GCC_WARN_UNUSED_FUNCTION = YES;
				GCC_WARN_UNUSED_VARIABLE = YES;
				MTL_ENABLE_DEBUG_INFO = NO;
				SDKROOT = appletvos;
				TARGETED_DEVICE_FAMILY = 3;
				TVOS_DEPLOYMENT_TARGET = 9.0;
				VALIDATE_PRODUCT = YES;
			};
			name = Release;
		};
		8E4093221BF3A7B300D0B3BF /* Debug */ = {
			isa = XCBuildConfiguration;
			buildSettings = {
				ASSETCATALOG_COMPILER_APPICON_NAME = "App Icon & Top Shelf Image";
				ASSETCATALOG_COMPILER_LAUNCHIMAGE_NAME = LaunchImage;
				INFOPLIST_FILE = LinkOpen/Info.plist;
				LD_RUNPATH_SEARCH_PATHS = "$(inherited) @executable_path/Frameworks";
				PRODUCT_BUNDLE_IDENTIFIER = com.sadun.LinkOpen;
				PRODUCT_NAME = "$(TARGET_NAME)";
			};
			name = Debug;
		};
		8E4093231BF3A7B300D0B3BF /* Release */ = {
			isa = XCBuildConfiguration;
			buildSettings = {
				ASSETCATALOG_COMPILER_APPICON_NAME = "App Icon & Top Shelf Image";
				ASSETCATALOG_COMPILER_LAUNCHIMAGE_NAME = LaunchImage;
				INFOPLIST_FILE = LinkOpen/Info.plist;
				LD_RUNPATH_SEARCH_PATHS = "$(inherited) @executable_path/Frameworks";
				PRODUCT_BUNDLE_IDENTIFIER = com.sadun.LinkOpen;
				PRODUCT_NAME = "$(TARGET_NAME)";
			};
			name = Release;
		};
/* End XCBuildConfiguration section */

/* Begin XCConfigurationList section */
		8E40930D1BF3A7B300D0B3BF /* Build configuration list for PBXProject "LinkOpen" */ = {
			isa = XCConfigurationList;
			buildConfigurations = (
				8E40931F1BF3A7B300D0B3BF /* Debug */,
				8E4093201BF3A7B300D0B3BF /* Release */,
			);
			defaultConfigurationIsVisible = 0;
			defaultConfigurationName = Release;
		};
		8E4093211BF3A7B300D0B3BF /* Build configuration list for PBXNativeTarget "LinkOpen" */ = {
			isa = XCConfigurationList;
			buildConfigurations = (
				8E4093221BF3A7B300D0B3BF /* Debug */,
				8E4093231BF3A7B300D0B3BF /* Release */,
			);
			defaultConfigurationIsVisible = 0;
		};
/* End XCConfigurationList section */
	};
	rootObject = 8E40930A1BF3A7B300D0B3BF /* Project object */;
}
